
Microsoft Visual Studio Solution File, Format Version 12.00
# Visual Studio 2012
Project("{FAE04EC0-301F-11D3-BF4B-00C04F79EFBC}") = "doarSP_Service", "doarSP_Service\doarSP_Service.csproj", "{8F70D68F-0C75-4F11-BDAE-0D59F2D0665B}"
EndProject
Global
	GlobalSection(SolutionConfigurationPlatforms) = preSolution
		Debug|Any CPU = Debug|Any CPU
		Release|Any CPU = Release|Any CPU
	EndGlobalSection
	GlobalSection(ProjectConfigurationPlatforms) = postSolution
		{8F70D68F-0C75-4F11-BDAE-0D59F2D0665B}.Debug|Any CPU.ActiveCfg = Debug|Any CPU
		{8F70D68F-0C75-4F11-BDAE-0D59F2D0665B}.Debug|Any CPU.Build.0 = Debug|Any CPU
		{8F70D68F-0C75-4F11-BDAE-0D59F2D0665B}.Release|Any CPU.ActiveCfg = Release|Any CPU
		{8F70D68F-0C75-4F11-BDAE-0D59F2D0665B}.Release|Any CPU.Build.0 = Release|Any CPU
	EndGlobalSection
	GlobalSection(SolutionProperties) = preSolution
		HideSolutionNode = FALSE
	EndGlobalSection
EndGlobal
